
Microsoft Visual Studio Solution File, Format Version 12.00
# Visual Studio Version 16
VisualStudioVersion = 16.0.31402.337
MinimumVisualStudioVersion = 10.0.40219.1
Project("{2150E333-8FDC-42A3-9474-1A3956D46DE8}") = "CleanArch.Application", "CleanArch.Application", "{8467E344-0AF8-40F2-8DAA-54FC2B8466B3}"
EndProject
Project("{2150E333-8FDC-42A3-9474-1A3956D46DE8}") = "CleanArch.Domain", "CleanArch.Domain", "{AFF4E038-4B81-4F76-9744-C0CEF248AE5C}"
EndProject
Project("{2150E333-8FDC-42A3-9474-1A3956D46DE8}") = "CleanArch.Infra.IoC", "CleanArch.Infra.IoC", "{9171A088-2CC3-4648-80AA-0DDF0221DAB2}"
EndProject
Project("{2150E333-8FDC-42A3-9474-1A3956D46DE8}") = "CleanArch.Infra.Data", "CleanArch.Infra.Data", "{F9472544-DB52-4849-AD2C-18A79E2FF6D5}"
EndProject
Project("{2150E333-8FDC-42A3-9474-1A3956D46DE8}") = "CleanArch.UI.Mvc", "CleanArch.UI.Mvc", "{49F51052-BCA8-4103-B692-6486F57D70C3}"
EndProject
Project("{FAE04EC0-301F-11D3-BF4B-00C04F79EFBC}") = "CleanArch.Mvc", "CleanArch.Mvc\CleanArch.Mvc.csproj", "{C41E1CCA-BFED-4C6C-86EA-856D76D97219}"
EndProject
Global
	GlobalSection(SolutionConfigurationPlatforms) = preSolution
		Debug|Any CPU = Debug|Any CPU
		Release|Any CPU = Release|Any CPU
	EndGlobalSection
	GlobalSection(ProjectConfigurationPlatforms) = postSolution
		{C41E1CCA-BFED-4C6C-86EA-856D76D97219}.Debug|Any CPU.ActiveCfg = Debug|Any CPU
		{C41E1CCA-BFED-4C6C-86EA-856D76D97219}.Debug|Any CPU.Build.0 = Debug|Any CPU
		{C41E1CCA-BFED-4C6C-86EA-856D76D97219}.Release|Any CPU.ActiveCfg = Release|Any CPU
		{C41E1CCA-BFED-4C6C-86EA-856D76D97219}.Release|Any CPU.Build.0 = Release|Any CPU
	EndGlobalSection
	GlobalSection(SolutionProperties) = preSolution
		HideSolutionNode = FALSE
	EndGlobalSection
	GlobalSection(NestedProjects) = preSolution
		{C41E1CCA-BFED-4C6C-86EA-856D76D97219} = {49F51052-BCA8-4103-B692-6486F57D70C3}
	EndGlobalSection
	GlobalSection(ExtensibilityGlobals) = postSolution
		SolutionGuid = {C8E78059-2FF8-48DE-8F61-F7AF256913C0}
	EndGlobalSection
EndGlobal
