
Microsoft Visual Studio Solution File, Format Version 12.00
# Visual Studio Version 16
VisualStudioVersion = 16.0.31402.337
MinimumVisualStudioVersion = 10.0.40219.1
Project("{2150E333-8FDC-42A3-9474-1A3956D46DE8}") = "Application", "Application", "{8467E344-0AF8-40F2-8DAA-54FC2B8466B3}"
EndProject
Project("{2150E333-8FDC-42A3-9474-1A3956D46DE8}") = "Domain", "Domain", "{AFF4E038-4B81-4F76-9744-C0CEF248AE5C}"
EndProject
Project("{2150E333-8FDC-42A3-9474-1A3956D46DE8}") = "Infra.IoC", "Infra.IoC", "{9171A088-2CC3-4648-80AA-0DDF0221DAB2}"
EndProject
Project("{2150E333-8FDC-42A3-9474-1A3956D46DE8}") = "Infra.Data", "Infra.Data", "{F9472544-DB52-4849-AD2C-18A79E2FF6D5}"
EndProject
Project("{2150E333-8FDC-42A3-9474-1A3956D46DE8}") = "Presentation", "Presentation", "{49F51052-BCA8-4103-B692-6486F57D70C3}"
EndProject
Project("{9A19103F-16F7-4668-BE54-9A1E7A4F7556}") = "CleanArch.Mvc", "CleanArch.Mvc\CleanArch.Mvc.csproj", "{C41E1CCA-BFED-4C6C-86EA-856D76D97219}"
EndProject
Project("{FAE04EC0-301F-11D3-BF4B-00C04F79EFBC}") = "CleanArch.Domain", "CleanArch.Domain\CleanArch.Domain.csproj", "{8C0C5313-F38A-4605-A610-535F27D12185}"
EndProject
Project("{FAE04EC0-301F-11D3-BF4B-00C04F79EFBC}") = "CleanArch.Infra.Data", "CleanArch.Infra.Data\CleanArch.Infra.Data.csproj", "{2920DAD6-13E8-4739-B70C-44F79E785652}"
EndProject
Project("{FAE04EC0-301F-11D3-BF4B-00C04F79EFBC}") = "CleanArch.Application", "CleanArch.Application\CleanArch.Application.csproj", "{668EDB22-45DF-41E0-B6F5-508ADC4B6A63}"
EndProject
Global
	GlobalSection(SolutionConfigurationPlatforms) = preSolution
		Debug|Any CPU = Debug|Any CPU
		Release|Any CPU = Release|Any CPU
	EndGlobalSection
	GlobalSection(ProjectConfigurationPlatforms) = postSolution
		{C41E1CCA-BFED-4C6C-86EA-856D76D97219}.Debug|Any CPU.ActiveCfg = Debug|Any CPU
		{C41E1CCA-BFED-4C6C-86EA-856D76D97219}.Debug|Any CPU.Build.0 = Debug|Any CPU
		{C41E1CCA-BFED-4C6C-86EA-856D76D97219}.Release|Any CPU.ActiveCfg = Release|Any CPU
		{C41E1CCA-BFED-4C6C-86EA-856D76D97219}.Release|Any CPU.Build.0 = Release|Any CPU
		{8C0C5313-F38A-4605-A610-535F27D12185}.Debug|Any CPU.ActiveCfg = Debug|Any CPU
		{8C0C5313-F38A-4605-A610-535F27D12185}.Debug|Any CPU.Build.0 = Debug|Any CPU
		{8C0C5313-F38A-4605-A610-535F27D12185}.Release|Any CPU.ActiveCfg = Release|Any CPU
		{8C0C5313-F38A-4605-A610-535F27D12185}.Release|Any CPU.Build.0 = Release|Any CPU
		{2920DAD6-13E8-4739-B70C-44F79E785652}.Debug|Any CPU.ActiveCfg = Debug|Any CPU
		{2920DAD6-13E8-4739-B70C-44F79E785652}.Debug|Any CPU.Build.0 = Debug|Any CPU
		{2920DAD6-13E8-4739-B70C-44F79E785652}.Release|Any CPU.ActiveCfg = Release|Any CPU
		{2920DAD6-13E8-4739-B70C-44F79E785652}.Release|Any CPU.Build.0 = Release|Any CPU
		{668EDB22-45DF-41E0-B6F5-508ADC4B6A63}.Debug|Any CPU.ActiveCfg = Debug|Any CPU
		{668EDB22-45DF-41E0-B6F5-508ADC4B6A63}.Debug|Any CPU.Build.0 = Debug|Any CPU
		{668EDB22-45DF-41E0-B6F5-508ADC4B6A63}.Release|Any CPU.ActiveCfg = Release|Any CPU
		{668EDB22-45DF-41E0-B6F5-508ADC4B6A63}.Release|Any CPU.Build.0 = Release|Any CPU
	EndGlobalSection
	GlobalSection(SolutionProperties) = preSolution
		HideSolutionNode = FALSE
	EndGlobalSection
	GlobalSection(NestedProjects) = preSolution
		{C41E1CCA-BFED-4C6C-86EA-856D76D97219} = {49F51052-BCA8-4103-B692-6486F57D70C3}
		{8C0C5313-F38A-4605-A610-535F27D12185} = {AFF4E038-4B81-4F76-9744-C0CEF248AE5C}
		{2920DAD6-13E8-4739-B70C-44F79E785652} = {F9472544-DB52-4849-AD2C-18A79E2FF6D5}
		{668EDB22-45DF-41E0-B6F5-508ADC4B6A63} = {8467E344-0AF8-40F2-8DAA-54FC2B8466B3}
	EndGlobalSection
	GlobalSection(ExtensibilityGlobals) = postSolution
		SolutionGuid = {C8E78059-2FF8-48DE-8F61-F7AF256913C0}
	EndGlobalSection
EndGlobal
